PODS:
  - BottomPopUpView (0.0.7)
  - RxCocoa (5.1.3):
    - RxRelay (~> 5)
    - RxSwift (~> 5)
  - RxOptional (4.1.0):
    - RxCocoa (~> 5)
    - RxSwift (~> 5)
  - RxRelay (5.1.3):
    - RxSwift (~> 5)
  - RxSwift (5.1.3)
  - SnapKit (5.6.0)

DEPENDENCIES:
  - BottomPopUpView (~> 0.0)
  - RxOptional (~> 4.1)
  - SnapKit

SPEC REPOS:
  trunk:
    - BottomPopUpView
    - RxCocoa
    - RxOptional
    - RxRelay
    - RxSwift
    - SnapKit

SPEC CHECKSUMS:
  BottomPopUpView: b611fbd563c6599e66a550321c77795db1002a98
  RxCocoa: e2ed092d5432e4296aa818021d27de4090ac0354
  RxOptional: b1fcd60856807a564c0215c2184b8d33e7826dc2
  RxRelay: 5a18c2eb2d68326ebaf0112f80d837ae41b92b97
  RxSwift: 915abbdfb62214aa89ccd0b194d44fb478019b27
  SnapKit: e01d52ebb8ddbc333eefe2132acf85c8227d9c25

PODFILE CHECKSUM: b431f2840273d87da3fbf98fd4ae920a67000fa8

COCOAPODS: 1.11.3
